
Microsoft Visual Studio Solution File, Format Version 12.00
# Visual Studio Version 17
VisualStudioVersion = 17.1.32210.238
MinimumVisualStudioVersion = 10.0.40219.1
Project("{FAE04EC0-301F-11D3-BF4B-00C04F79EFBC}") = "ManipulacaoMatriculaMVP", "ManipulacaoMatriculaMVP.csproj", "{0E7251C1-1216-4752-A00F-0B1F03713C3A}"
EndProject
Global
	GlobalSection(SolutionConfigurationPlatforms) = preSolution
		Debug|Any CPU = Debug|Any CPU
		Release|Any CPU = Release|Any CPU
	EndGlobalSection
	GlobalSection(ProjectConfigurationPlatforms) = postSolution
		{0E7251C1-1216-4752-A00F-0B1F03713C3A}.Debug|Any CPU.ActiveCfg = Debug|Any CPU
		{0E7251C1-1216-4752-A00F-0B1F03713C3A}.Debug|Any CPU.Build.0 = Debug|Any CPU
		{0E7251C1-1216-4752-A00F-0B1F03713C3A}.Release|Any CPU.ActiveCfg = Release|Any CPU
		{0E7251C1-1216-4752-A00F-0B1F03713C3A}.Release|Any CPU.Build.0 = Release|Any CPU
	EndGlobalSection
	GlobalSection(SolutionProperties) = preSolution
		HideSolutionNode = FALSE
	EndGlobalSection
	GlobalSection(ExtensibilityGlobals) = postSolution
		SolutionGuid = {8A0C8CEB-CF39-495B-AA16-E56F97B87CC9}
	EndGlobalSection
EndGlobal
